// !$*UTF8*$!
{
	archiveVersion = 1;
	classes = {
	};
	objectVersion = 51;
	objects = {

/* Begin PBXBuildFile section */
		5E09EA53232F678F00CFFF69 /* AppDelegate.swift in Sources */ = {isa = PBXBuildFile; fileRef = 5E09EA52232F678F00CFFF69 /* AppDelegate.swift */; };
		5E09EA58232F678F00CFFF69 /* Main.storyboard in Resources */ = {isa = PBXBuildFile; fileRef = 5E09EA56232F678F00CFFF69 /* Main.storyboard */; };
		5E09EA5A232F679000CFFF69 /* Assets.xcassets in Resources */ = {isa = PBXBuildFile; fileRef = 5E09EA59232F679000CFFF69 /* Assets.xcassets */; };
		5E09EA5D232F679100CFFF69 /* LaunchScreen.storyboard in Resources */ = {isa = PBXBuildFile; fileRef = 5E09EA5B232F679100CFFF69 /* LaunchScreen.storyboard */; };
		5E09EA69232F67DC00CFFF69 /* Model.swift in Sources */ = {isa = PBXBuildFile; fileRef = 5E09EA68232F67DC00CFFF69 /* Model.swift */; };
		5E09EA6C232F69C600CFFF69 /* DataService.swift in Sources */ = {isa = PBXBuildFile; fileRef = 5E09EA6B232F69C600CFFF69 /* DataService.swift */; };
		5E09EA6E232F728000CFFF69 /* MasterTableViewController.swift in Sources */ = {isa = PBXBuildFile; fileRef = 5E09EA6D232F728000CFFF69 /* MasterTableViewController.swift */; };
		5E09EA70232F729200CFFF69 /* CustomTableViewCell.swift in Sources */ = {isa = PBXBuildFile; fileRef = 5E09EA6F232F729200CFFF69 /* CustomTableViewCell.swift */; };
		E03725E9CE2A9F00F4FFD6A3 /* Pods_AlamofireDemo.framework in Frameworks */ = {isa = PBXBuildFile; fileRef = 8FC2E62944CDCB79F4BE70E1 /* Pods_AlamofireDemo.framework */; };
/* End PBXBuildFile section */

/* Begin PBXFileReference section */
		0ED6DA1A7FF85A8E19B57830 /* Pods-AlamofireDemo.debug.xcconfig */ = {isa = PBXFileReference; includeInIndex = 1; lastKnownFileType = text.xcconfig; name = "Pods-AlamofireDemo.debug.xcconfig"; path = "Target Support Files/Pods-AlamofireDemo/Pods-AlamofireDemo.debug.xcconfig"; sourceTree = "<group>"; };
		5E09EA4F232F678F00CFFF69 /* AlamofireDemo.app */ = {isa = PBXFileReference; explicitFileType = wrapper.application; includeInIndex = 0; path = AlamofireDemo.app; sourceTree = BUILT_PRODUCTS_DIR; };
		5E09EA52232F678F00CFFF69 /* AppDelegate.swift */ = {isa = PBXFileReference; lastKnownFileType = sourcecode.swift; path = AppDelegate.swift; sourceTree = "<group>"; };
		5E09EA57232F678F00CFFF69 /* Base */ = {isa = PBXFileReference; lastKnownFileType = file.storyboard; name = Base; path = Base.lproj/Main.storyboard; sourceTree = "<group>"; };
		5E09EA59232F679000CFFF69 /* Assets.xcassets */ = {isa = PBXFileReference; lastKnownFileType = folder.assetcatalog; path = Assets.xcassets; sourceTree = "<group>"; };
		5E09EA5C232F679100CFFF69 /* Base */ = {isa = PBXFileReference; lastKnownFileType = file.storyboard; name = Base; path = Base.lproj/LaunchScreen.storyboard; sourceTree = "<group>"; };
		5E09EA5E232F679100CFFF69 /* Info.plist */ = {isa = PBXFileReference; lastKnownFileType = text.plist.xml; path = Info.plist; sourceTree = "<group>"; };
		5E09EA68232F67DC00CFFF69 /* Model.swift */ = {isa = PBXFileReference; lastKnownFileType = sourcecode.swift; path = Model.swift; sourceTree = "<group>"; };
		5E09EA6B232F69C600CFFF69 /* DataService.swift */ = {isa = PBXFileReference; lastKnownFileType = sourcecode.swift; path = DataService.swift; sourceTree = "<group>"; };
		5E09EA6D232F728000CFFF69 /* MasterTableViewController.swift */ = {isa = PBXFileReference; lastKnownFileType = sourcecode.swift; path = MasterTableViewController.swift; sourceTree = "<group>"; };
		5E09EA6F232F729200CFFF69 /* CustomTableViewCell.swift */ = {isa = PBXFileReference; lastKnownFileType = sourcecode.swift; path = CustomTableViewCell.swift; sourceTree = "<group>"; };
		8FC2E62944CDCB79F4BE70E1 /* Pods_AlamofireDemo.framework */ = {isa = PBXFileReference; explicitFileType = wrapper.framework; includeInIndex = 0; path = Pods_AlamofireDemo.framework; sourceTree = BUILT_PRODUCTS_DIR; };
		D06608C9D817F407AE2A0431 /* Pods-AlamofireDemo.release.xcconfig */ = {isa = PBXFileReference; includeInIndex = 1; lastKnownFileType = text.xcconfig; name = "Pods-AlamofireDemo.release.xcconfig"; path = "Target Support Files/Pods-AlamofireDemo/Pods-AlamofireDemo.release.xcconfig"; sourceTree = "<group>"; };
/* End PBXFileReference section */

/* Begin PBXFrameworksBuildPhase section */
		5E09EA4C232F678F00CFFF69 /* Frameworks */ = {
			isa = PBXFrameworksBuildPhase;
			buildActionMask = 2147483647;
			files = (
				E03725E9CE2A9F00F4FFD6A3 /* Pods_AlamofireDemo.framework in Frameworks */,
			);
			runOnlyForDeploymentPostprocessing = 0;
		};
/* End PBXFrameworksBuildPhase section */

/* Begin PBXGroup section */
		0138835F2453AE0BEC3DCD03 /* Pods */ = {
			isa = PBXGroup;
			children = (
				0ED6DA1A7FF85A8E19B57830 /* Pods-AlamofireDemo.debug.xcconfig */,
				D06608C9D817F407AE2A0431 /* Pods-AlamofireDemo.release.xcconfig */,
			);
			path = Pods;
			sourceTree = "<group>";
		};
		0B943DE7ED09ECFF03D56B54 /* Frameworks */ = {
			isa = PBXGroup;
			children = (
				8FC2E62944CDCB79F4BE70E1 /* Pods_AlamofireDemo.framework */,
			);
			name = Frameworks;
			sourceTree = "<group>";
		};
		5E09EA46232F678F00CFFF69 = {
			isa = PBXGroup;
			children = (
				5E09EA51232F678F00CFFF69 /* AlamofireDemo */,
				5E09EA50232F678F00CFFF69 /* Products */,
				0138835F2453AE0BEC3DCD03 /* Pods */,
				0B943DE7ED09ECFF03D56B54 /* Frameworks */,
			);
			sourceTree = "<group>";
		};
		5E09EA50232F678F00CFFF69 /* Products */ = {
			isa = PBXGroup;
			children = (
				5E09EA4F232F678F00CFFF69 /* AlamofireDemo.app */,
			);
			name = Products;
			sourceTree = "<group>";
		};
		5E09EA51232F678F00CFFF69 /* AlamofireDemo */ = {
			isa = PBXGroup;
			children = (
				5E09EA64232F679B00CFFF69 /* Model */,
				5E09EA66232F67AC00CFFF69 /* View */,
				5E09EA67232F67B400CFFF69 /* Controller */,
				5E09EA6A232F67E100CFFF69 /* Networking */,
				5E09EA52232F678F00CFFF69 /* AppDelegate.swift */,
				5E09EA56232F678F00CFFF69 /* Main.storyboard */,
				5E09EA59232F679000CFFF69 /* Assets.xcassets */,
				5E09EA5B232F679100CFFF69 /* LaunchScreen.storyboard */,
				5E09EA5E232F679100CFFF69 /* Info.plist */,
			);
			path = AlamofireDemo;
			sourceTree = "<group>";
		};
		5E09EA64232F679B00CFFF69 /* Model */ = {
			isa = PBXGroup;
			children = (
				5E09EA68232F67DC00CFFF69 /* Model.swift */,
			);
			path = Model;
			sourceTree = "<group>";
		};
		5E09EA66232F67AC00CFFF69 /* View */ = {
			isa = PBXGroup;
			children = (
				5E09EA6F232F729200CFFF69 /* CustomTableViewCell.swift */,
			);
			path = View;
			sourceTree = "<group>";
		};
		5E09EA67232F67B400CFFF69 /* Controller */ = {
			isa = PBXGroup;
			children = (
				5E09EA6D232F728000CFFF69 /* MasterTableViewController.swift */,
			);
			path = Controller;
			sourceTree = "<group>";
		};
		5E09EA6A232F67E100CFFF69 /* Networking */ = {
			isa = PBXGroup;
			children = (
				5E09EA6B232F69C600CFFF69 /* DataService.swift */,
			);
			path = Networking;
			sourceTree = "<group>";
		};
/* End PBXGroup section */

/* Begin PBXNativeTarget section */
		5E09EA4E232F678F00CFFF69 /* AlamofireDemo */ = {
			isa = PBXNativeTarget;
			buildConfigurationList = 5E09EA61232F679100CFFF69 /* Build configuration list for PBXNativeTarget "AlamofireDemo" */;
			buildPhases = (
				59B5BB39B675B20DA0A70007 /* [CP] Check Pods Manifest.lock */,
				5E09EA4B232F678F00CFFF69 /* Sources */,
				5E09EA4C232F678F00CFFF69 /* Frameworks */,
				5E09EA4D232F678F00CFFF69 /* Resources */,
				07AD5ADEFAA9F6673C37571C /* [CP] Embed Pods Frameworks */,
			);
			buildRules = (
			);
			dependencies = (
			);
			name = AlamofireDemo;
			productName = AlamofireDemo;
			productReference = 5E09EA4F232F678F00CFFF69 /* AlamofireDemo.app */;
			productType = "com.apple.product-type.application";
		};
/* End PBXNativeTarget section */

/* Begin PBXProject section */
		5E09EA47232F678F00CFFF69 /* Project object */ = {
			isa = PBXProject;
			attributes = {
				LastSwiftUpdateCheck = 1030;
				LastUpgradeCheck = 1030;
				ORGANIZATIONNAME = Cuong;
				TargetAttributes = {
					5E09EA4E232F678F00CFFF69 = {
						CreatedOnToolsVersion = 10.3;
					};
				};
			};
			buildConfigurationList = 5E09EA4A232F678F00CFFF69 /* Build configuration list for PBXProject "AlamofireDemo" */;
			compatibilityVersion = "Xcode 9.3";
			developmentRegion = en;
			hasScannedForEncodings = 0;
			knownRegions = (
				en,
				Base,
			);
			mainGroup = 5E09EA46232F678F00CFFF69;
			productRefGroup = 5E09EA50232F678F00CFFF69 /* Products */;
			projectDirPath = "";
			projectRoot = "";
			targets = (
				5E09EA4E232F678F00CFFF69 /* AlamofireDemo */,
			);
		};
/* End PBXProject section */

/* Begin PBXResourcesBuildPhase section */
		5E09EA4D232F678F00CFFF69 /* Resources */ = {
			isa = PBXResourcesBuildPhase;
			buildActionMask = 2147483647;
			files = (
				5E09EA5D232F679100CFFF69 /* LaunchScreen.storyboard in Resources */,
				5E09EA5A232F679000CFFF69 /* Assets.xcassets in Resources */,
				5E09EA58232F678F00CFFF69 /* Main.storyboard in Resources */,
			);
			runOnlyForDeploymentPostprocessing = 0;
		};
/* End PBXResourcesBuildPhase section */

/* Begin PBXShellScriptBuildPhase section */
		07AD5ADEFAA9F6673C37571C /* [CP] Embed Pods Frameworks */ = {
			isa = PBXShellScriptBuildPhase;
			buildActionMask = 2147483647;
			files = (
			);
			inputFileListPaths = (
				"${PODS_ROOT}/Target Support Files/Pods-AlamofireDemo/Pods-AlamofireDemo-frameworks-${CONFIGURATION}-input-files.xcfilelist",
			);
			name = "[CP] Embed Pods Frameworks";
			outputFileListPaths = (
				"${PODS_ROOT}/Target Support Files/Pods-AlamofireDemo/Pods-AlamofireDemo-frameworks-${CONFIGURATION}-output-files.xcfilelist",
			);
			runOnlyForDeploymentPostprocessing = 0;
			shellPath = /bin/sh;
			shellScript = "\"${PODS_ROOT}/Target Support Files/Pods-AlamofireDemo/Pods-AlamofireDemo-frameworks.sh\"\n";
			showEnvVarsInLog = 0;
		};
		59B5BB39B675B20DA0A70007 /* [CP] Check Pods Manifest.lock */ = {
			isa = PBXShellScriptBuildPhase;
			buildActionMask = 2147483647;
			files = (
			);
			inputFileListPaths = (
			);
			inputPaths = (
				"${PODS_PODFILE_DIR_PATH}/Podfile.lock",
				"${PODS_ROOT}/Manifest.lock",
			);
			name = "[CP] Check Pods Manifest.lock";
			outputFileListPaths = (
			);
			outputPaths = (
				"$(DERIVED_FILE_DIR)/Pods-AlamofireDemo-checkManifestLockResult.txt",
			);
			runOnlyForDeploymentPostprocessing = 0;
			shellPath = /bin/sh;
			shellScript = "diff \"${PODS_PODFILE_DIR_PATH}/Podfile.lock\" \"${PODS_ROOT}/Manifest.lock\" > /dev/null\nif [ $? != 0 ] ; then\n    # print error to STDERR\n    echo \"error: The sandbox is not in sync with the Podfile.lock. Run 'pod install' or update your CocoaPods installation.\" >&2\n    exit 1\nfi\n# This output is used by Xcode 'outputs' to avoid re-running this script phase.\necho \"SUCCESS\" > \"${SCRIPT_OUTPUT_FILE_0}\"\n";
			showEnvVarsInLog = 0;
		};
/* End PBXShellScriptBuildPhase section */

/* Begin PBXSourcesBuildPhase section */
		5E09EA4B232F678F00CFFF69 /* Sources */ = {
			isa = PBXSourcesBuildPhase;
			buildActionMask = 2147483647;
			files = (
				5E09EA6C232F69C600CFFF69 /* DataService.swift in Sources */,
				5E09EA70232F729200CFFF69 /* CustomTableViewCell.swift in Sources */,
				5E09EA6E232F728000CFFF69 /* MasterTableViewController.swift in Sources */,
				5E09EA53232F678F00CFFF69 /* AppDelegate.swift in Sources */,
				5E09EA69232F67DC00CFFF69 /* Model.swift in Sources */,
			);
			runOnlyForDeploymentPostprocessing = 0;
		};
/* End PBXSourcesBuildPhase section */

/* Begin PBXVariantGroup section */
		5E09EA56232F678F00CFFF69 /* Main.storyboard */ = {
			isa = PBXVariantGroup;
			children = (
				5E09EA57232F678F00CFFF69 /* Base */,
			);
			name = Main.storyboard;
			sourceTree = "<group>";
		};
		5E09EA5B232F679100CFFF69 /* LaunchScreen.storyboard */ = {
			isa = PBXVariantGroup;
			children = (
				5E09EA5C232F679100CFFF69 /* Base */,
			);
			name = LaunchScreen.storyboard;
			sourceTree = "<group>";
		};
/* End PBXVariantGroup section */

/* Begin XCBuildConfiguration section */
		5E09EA5F232F679100CFFF69 /* Debug */ = {
			isa = XCBuildConfiguration;
			buildSettings = {
				ALWAYS_SEARCH_USER_PATHS = NO;
				CLANG_ANALYZER_NONNULL = YES;
				CLANG_ANALYZER_NUMBER_OBJECT_CONVERSION = YES_AGGRESSIVE;
				CLANG_CXX_LANGUAGE_STANDARD = "gnu++14";
				CLANG_CXX_LIBRARY = "libc++";
				CLANG_ENABLE_MODULES = YES;
				CLANG_ENABLE_OBJC_ARC = YES;
				CLANG_ENABLE_OBJC_WEAK = YES;
				CLANG_WARN_BLOCK_CAPTURE_AUTORELEASING = YES;
				CLANG_WARN_BOOL_CONVERSION = YES;
				CLANG_WARN_COMMA = YES;
				CLANG_WARN_CONSTANT_CONVERSION = YES;
				CLANG_WARN_DEPRECATED_OBJC_IMPLEMENTATIONS = YES;
				CLANG_WARN_DIRECT_OBJC_ISA_USAGE = YES_ERROR;
				CLANG_WARN_DOCUMENTATION_COMMENTS = YES;
				CLANG_WARN_EMPTY_BODY = YES;
				CLANG_WARN_ENUM_CONVERSION = YES;
				CLANG_WARN_INFINITE_RECURSION = YES;
				CLANG_WARN_INT_CONVERSION = YES;
				CLANG_WARN_NON_LITERAL_NULL_CONVERSION = YES;
				CLANG_WARN_OBJC_IMPLICIT_RETAIN_SELF = YES;
				CLANG_WARN_OBJC_LITERAL_CONVERSION = YES;
				CLANG_WARN_OBJC_ROOT_CLASS = YES_ERROR;
				CLANG_WARN_RANGE_LOOP_ANALYSIS = YES;
				CLANG_WARN_STRICT_PROTOTYPES = YES;
				CLANG_WARN_SUSPICIOUS_MOVE = YES;
				CLANG_WARN_UNGUARDED_AVAILABILITY = YES_AGGRESSIVE;
				CLANG_WARN_UNREACHABLE_CODE = YES;
				CLANG_WARN__DUPLICATE_METHOD_MATCH = YES;
				CODE_SIGN_IDENTITY = "iPhone Developer";
				COPY_PHASE_STRIP = NO;
				DEBUG_INFORMATION_FORMAT = dwarf;
				ENABLE_STRICT_OBJC_MSGSEND = YES;
				ENABLE_TESTABILITY = YES;
				GCC_C_LANGUAGE_STANDARD = gnu11;
				GCC_DYNAMIC_NO_PIC = NO;
				GCC_NO_COMMON_BLOCKS = YES;
				GCC_OPTIMIZATION_LEVEL = 0;
				GCC_PREPROCESSOR_DEFINITIONS = (
					"DEBUG=1",
					"$(inherited)",
				);
				GCC_WARN_64_TO_32_BIT_CONVERSION = YES;
				GCC_WARN_ABOUT_RETURN_TYPE = YES_ERROR;
				GCC_WARN_UNDECLARED_SELECTOR = YES;
				GCC_WARN_UNINITIALIZED_AUTOS = YES_AGGRESSIVE;
				GCC_WARN_UNUSED_FUNCTION = YES;
				GCC_WARN_UNUSED_VARIABLE = YES;
				IPHONEOS_DEPLOYMENT_TARGET = 12.4;
				MTL_ENABLE_DEBUG_INFO = INCLUDE_SOURCE;
				MTL_FAST_MATH = YES;
				ONLY_ACTIVE_ARCH = YES;
				SDKROOT = iphoneos;
				SWIFT_ACTIVE_COMPILATION_CONDITIONS = DEBUG;
				SWIFT_OPTIMIZATION_LEVEL = "-Onone";
			};
			name = Debug;
		};
		5E09EA60232F679100CFFF69 /* Release */ = {
			isa = XCBuildConfiguration;
			buildSettings = {
				ALWAYS_SEARCH_USER_PATHS = NO;
				CLANG_ANALYZER_NONNULL = YES;
				CLANG_ANALYZER_NUMBER_OBJECT_CONVERSION = YES_AGGRESSIVE;
				CLANG_CXX_LANGUAGE_STANDARD = "gnu++14";
				CLANG_CXX_LIBRARY = "libc++";
				CLANG_ENABLE_MODULES = YES;
				CLANG_ENABLE_OBJC_ARC = YES;
				CLANG_ENABLE_OBJC_WEAK = YES;
				CLANG_WARN_BLOCK_CAPTURE_AUTORELEASING = YES;
				CLANG_WARN_BOOL_CONVERSION = YES;
				CLANG_WARN_COMMA = YES;
				CLANG_WARN_CONSTANT_CONVERSION = YES;
				CLANG_WARN_DEPRECATED_OBJC_IMPLEMENTATIONS = YES;
				CLANG_WARN_DIRECT_OBJC_ISA_USAGE = YES_ERROR;
				CLANG_WARN_DOCUMENTATION_COMMENTS = YES;
				CLANG_WARN_EMPTY_BODY = YES;
				CLANG_WARN_ENUM_CONVERSION = YES;
				CLANG_WARN_INFINITE_RECURSION = YES;
				CLANG_WARN_INT_CONVERSION = YES;
				CLANG_WARN_NON_LITERAL_NULL_CONVERSION = YES;
				CLANG_WARN_OBJC_IMPLICIT_RETAIN_SELF = YES;
				CLANG_WARN_OBJC_LITERAL_CONVERSION = YES;
				CLANG_WARN_OBJC_ROOT_CLASS = YES_ERROR;
				CLANG_WARN_RANGE_LOOP_ANALYSIS = YES;
				CLANG_WARN_STRICT_PROTOTYPES = YES;
				CLANG_WARN_SUSPICIOUS_MOVE = YES;
				CLANG_WARN_UNGUARDED_AVAILABILITY = YES_AGGRESSIVE;
				CLANG_WARN_UNREACHABLE_CODE = YES;
				CLANG_WARN__DUPLICATE_METHOD_MATCH = YES;
				CODE_SIGN_IDENTITY = "iPhone Developer";
				COPY_PHASE_STRIP = NO;
				DEBUG_INFORMATION_FORMAT = "dwarf-with-dsym";
				ENABLE_NS_ASSERTIONS = NO;
				ENABLE_STRICT_OBJC_MSGSEND = YES;
				GCC_C_LANGUAGE_STANDARD = gnu11;
				GCC_NO_COMMON_BLOCKS = YES;
				GCC_WARN_64_TO_32_BIT_CONVERSION = YES;
				GCC_WARN_ABOUT_RETURN_TYPE = YES_ERROR;
				GCC_WARN_UNDECLARED_SELECTOR = YES;
				GCC_WARN_UNINITIALIZED_AUTOS = YES_AGGRESSIVE;
				GCC_WARN_UNUSED_FUNCTION = YES;
				GCC_WARN_UNUSED_VARIABLE = YES;
				IPHONEOS_DEPLOYMENT_TARGET = 12.4;
				MTL_ENABLE_DEBUG_INFO = NO;
				MTL_FAST_MATH = YES;
				SDKROOT = iphoneos;
				SWIFT_COMPILATION_MODE = wholemodule;
				SWIFT_OPTIMIZATION_LEVEL = "-O";
				VALIDATE_PRODUCT = YES;
			};
			name = Release;
		};
		5E09EA62232F679100CFFF69 /* Debug */ = {
			isa = XCBuildConfiguration;
			baseConfigurationReference = 0ED6DA1A7FF85A8E19B57830 /* Pods-AlamofireDemo.debug.xcconfig */;
			buildSettings = {
				ASSETCATALOG_COMPILER_APPICON_NAME = AppIcon;
				CODE_SIGN_STYLE = Automatic;
				INFOPLIST_FILE = AlamofireDemo/Info.plist;
				LD_RUNPATH_SEARCH_PATHS = (
					"$(inherited)",
					"@executable_path/Frameworks",
				);
				PRODUCT_BUNDLE_IDENTIFIER = CuongDD.AlamofireDemo;
				PRODUCT_NAME = "$(TARGET_NAME)";
				SWIFT_VERSION = 5.0;
				TARGETED_DEVICE_FAMILY = "1,2";
			};
			name = Debug;
		};
		5E09EA63232F679100CFFF69 /* Release */ = {
			isa = XCBuildConfiguration;
			baseConfigurationReference = D06608C9D817F407AE2A0431 /* Pods-AlamofireDemo.release.xcconfig */;
			buildSettings = {
				ASSETCATALOG_COMPILER_APPICON_NAME = AppIcon;
				CODE_SIGN_STYLE = Automatic;
				INFOPLIST_FILE = AlamofireDemo/Info.plist;
				LD_RUNPATH_SEARCH_PATHS = (
					"$(inherited)",
					"@executable_path/Frameworks",
				);
				PRODUCT_BUNDLE_IDENTIFIER = CuongDD.AlamofireDemo;
				PRODUCT_NAME = "$(TARGET_NAME)";
				SWIFT_VERSION = 5.0;
				TARGETED_DEVICE_FAMILY = "1,2";
			};
			name = Release;
		};
/* End XCBuildConfiguration section */

/* Begin XCConfigurationList section */
		5E09EA4A232F678F00CFFF69 /* Build configuration list for PBXProject "AlamofireDemo" */ = {
			isa = XCConfigurationList;
			buildConfigurations = (
				5E09EA5F232F679100CFFF69 /* Debug */,
				5E09EA60232F679100CFFF69 /* Release */,
			);
			defaultConfigurationIsVisible = 0;
			defaultConfigurationName = Release;
		};
		5E09EA61232F679100CFFF69 /* Build configuration list for PBXNativeTarget "AlamofireDemo" */ = {
			isa = XCConfigurationList;
			buildConfigurations = (
				5E09EA62232F679100CFFF69 /* Debug */,
				5E09EA63232F679100CFFF69 /* Release */,
			);
			defaultConfigurationIsVisible = 0;
			defaultConfigurationName = Release;
		};
/* End XCConfigurationList section */
	};
	rootObject = 5E09EA47232F678F00CFFF69 /* Project object */;
}
